
Microsoft Visual Studio Solution File, Format Version 12.00
# Visual Studio 15
VisualStudioVersion = 15.0.27130.2024
MinimumVisualStudioVersion = 10.0.40219.1
Project("{FAE04EC0-301F-11D3-BF4B-00C04F79EFBC}") = "AzureTipsTricksWebApp", "AzureTipsTricksWebApp\AzureTipsTricksWebApp.csproj", "{332FA25B-A1D1-4F4E-871E-A73474691C8A}"
EndProject
Global
	GlobalSection(SolutionConfigurationPlatforms) = preSolution
		Debug|Any CPU = Debug|Any CPU
		Release|Any CPU = Release|Any CPU
	EndGlobalSection
	GlobalSection(ProjectConfigurationPlatforms) = postSolution
		{332FA25B-A1D1-4F4E-871E-A73474691C8A}.Debug|Any CPU.ActiveCfg = Debug|Any CPU
		{332FA25B-A1D1-4F4E-871E-A73474691C8A}.Debug|Any CPU.Build.0 = Debug|Any CPU
		{332FA25B-A1D1-4F4E-871E-A73474691C8A}.Release|Any CPU.ActiveCfg = Release|Any CPU
		{332FA25B-A1D1-4F4E-871E-A73474691C8A}.Release|Any CPU.Build.0 = Release|Any CPU
	EndGlobalSection
	GlobalSection(SolutionProperties) = preSolution
		HideSolutionNode = FALSE
	EndGlobalSection
	GlobalSection(ExtensibilityGlobals) = postSolution
		SolutionGuid = {DF8A24E4-F67C-4E5E-AEA0-957C0B4BDD29}
	EndGlobalSection
EndGlobal
